
Microsoft Visual Studio Solution File, Format Version 12.00
Project("{FAE04EC0-301F-11D3-BF4B-00C04F79EFBC}") = "MediaRenamer", "MediaRenamer\MediaRenamer.csproj", "{1AA3A7C0-AB1D-4CE1-AE9B-8F22640E9240}"
EndProject
Global
	GlobalSection(SolutionConfigurationPlatforms) = preSolution
		Debug|Any CPU = Debug|Any CPU
		Release|Any CPU = Release|Any CPU
	EndGlobalSection
	GlobalSection(ProjectConfigurationPlatforms) = postSolution
		{1AA3A7C0-AB1D-4CE1-AE9B-8F22640E9240}.Debug|Any CPU.ActiveCfg = Debug|Any CPU
		{1AA3A7C0-AB1D-4CE1-AE9B-8F22640E9240}.Debug|Any CPU.Build.0 = Debug|Any CPU
		{1AA3A7C0-AB1D-4CE1-AE9B-8F22640E9240}.Release|Any CPU.ActiveCfg = Release|Any CPU
		{1AA3A7C0-AB1D-4CE1-AE9B-8F22640E9240}.Release|Any CPU.Build.0 = Release|Any CPU
	EndGlobalSection
EndGlobal
